
Microsoft Visual Studio Solution File, Format Version 12.00
# Visual Studio Version 17
VisualStudioVersion = 17.4.33205.214
MinimumVisualStudioVersion = 10.0.40219.1
Project("{9A19103F-16F7-4668-BE54-9A1E7A4F7556}") = "regex-on-repo", "regex-on-repo.csproj", "{0E6AE295-8B66-4160-A549-6F4D9891E99E}"
EndProject
Global
	GlobalSection(SolutionConfigurationPlatforms) = preSolution
		Debug|Any CPU = Debug|Any CPU
		Release|Any CPU = Release|Any CPU
	EndGlobalSection
	GlobalSection(ProjectConfigurationPlatforms) = postSolution
		{0E6AE295-8B66-4160-A549-6F4D9891E99E}.Debug|Any CPU.ActiveCfg = Debug|Any CPU
		{0E6AE295-8B66-4160-A549-6F4D9891E99E}.Debug|Any CPU.Build.0 = Debug|Any CPU
		{0E6AE295-8B66-4160-A549-6F4D9891E99E}.Release|Any CPU.ActiveCfg = Release|Any CPU
		{0E6AE295-8B66-4160-A549-6F4D9891E99E}.Release|Any CPU.Build.0 = Release|Any CPU
	EndGlobalSection
	GlobalSection(SolutionProperties) = preSolution
		HideSolutionNode = FALSE
	EndGlobalSection
	GlobalSection(ExtensibilityGlobals) = postSolution
		SolutionGuid = {46CC96E6-A870-45C1-BD79-8E0F4BE45E3D}
	EndGlobalSection
EndGlobal
